
Microsoft Visual Studio Solution File, Format Version 12.00
# Visual Studio Version 17
VisualStudioVersion = 17.10.35013.160
MinimumVisualStudioVersion = 10.0.40219.1
Project("{FAE04EC0-301F-11D3-BF4B-00C04F79EFBC}") = "Cloud7Cms", "Cloud7Cms\Cloud7Cms.csproj", "{DD7B7FA5-C466-4AAA-9555-393439B215B6}"
EndProject
Project("{FAE04EC0-301F-11D3-BF4B-00C04F79EFBC}") = "Common", "Common\Common.csproj", "{564BB33C-9155-4B25-9B33-79A27EDB84BC}"
EndProject
Global
	GlobalSection(SolutionConfigurationPlatforms) = preSolution
		Debug|Any CPU = Debug|Any CPU
		Release|Any CPU = Release|Any CPU
	EndGlobalSection
	GlobalSection(ProjectConfigurationPlatforms) = postSolution
		{DD7B7FA5-C466-4AAA-9555-393439B215B6}.Debug|Any CPU.ActiveCfg = Debug|Any CPU
		{DD7B7FA5-C466-4AAA-9555-393439B215B6}.Debug|Any CPU.Build.0 = Debug|Any CPU
		{DD7B7FA5-C466-4AAA-9555-393439B215B6}.Release|Any CPU.ActiveCfg = Release|Any CPU
		{DD7B7FA5-C466-4AAA-9555-393439B215B6}.Release|Any CPU.Build.0 = Release|Any CPU
		{564BB33C-9155-4B25-9B33-79A27EDB84BC}.Debug|Any CPU.ActiveCfg = Debug|Any CPU
		{564BB33C-9155-4B25-9B33-79A27EDB84BC}.Debug|Any CPU.Build.0 = Debug|Any CPU
		{564BB33C-9155-4B25-9B33-79A27EDB84BC}.Release|Any CPU.ActiveCfg = Release|Any CPU
		{564BB33C-9155-4B25-9B33-79A27EDB84BC}.Release|Any CPU.Build.0 = Release|Any CPU
	EndGlobalSection
	GlobalSection(SolutionProperties) = preSolution
		HideSolutionNode = FALSE
	EndGlobalSection
	GlobalSection(ExtensibilityGlobals) = postSolution
		SolutionGuid = {86BD254C-0F93-4C6F-AF7B-4D5BC374B195}
	EndGlobalSection
EndGlobal
